
Microsoft Visual Studio Solution File, Format Version 12.00
# Visual Studio Version 17
VisualStudioVersion = 17.11.35327.3
MinimumVisualStudioVersion = 10.0.40219.1
Project("{9A19103F-16F7-4668-BE54-9A1E7A4F7556}") = "Data_Structure_Project", "Data_Structure_Project\Data_Structure_Project.csproj", "{A1DEA69E-52DE-476C-A6D3-0A2AA3ED9116}"
EndProject
Global
	GlobalSection(SolutionConfigurationPlatforms) = preSolution
		Debug|Any CPU = Debug|Any CPU
		Release|Any CPU = Release|Any CPU
	EndGlobalSection
	GlobalSection(ProjectConfigurationPlatforms) = postSolution
		{A1DEA69E-52DE-476C-A6D3-0A2AA3ED9116}.Debug|Any CPU.ActiveCfg = Debug|Any CPU
		{A1DEA69E-52DE-476C-A6D3-0A2AA3ED9116}.Debug|Any CPU.Build.0 = Debug|Any CPU
		{A1DEA69E-52DE-476C-A6D3-0A2AA3ED9116}.Release|Any CPU.ActiveCfg = Release|Any CPU
		{A1DEA69E-52DE-476C-A6D3-0A2AA3ED9116}.Release|Any CPU.Build.0 = Release|Any CPU
	EndGlobalSection
	GlobalSection(SolutionProperties) = preSolution
		HideSolutionNode = FALSE
	EndGlobalSection
	GlobalSection(ExtensibilityGlobals) = postSolution
		SolutionGuid = {90C87923-49AC-48B6-9E5C-53B57B275F23}
	EndGlobalSection
EndGlobal
